
Microsoft Visual Studio Solution File, Format Version 12.00
# Visual Studio Version 16
VisualStudioVersion = 16.0.30907.101
MinimumVisualStudioVersion = 10.0.40219.1
Project("{FAE04EC0-301F-11D3-BF4B-00C04F79EFBC}") = "การบ้าน Week3 - Operators", "การบ้าน Week3 - Operators\การบ้าน Week3 - Operators.csproj", "{CD476EEE-D9FF-4C0E-A29A-4474FCBC68DF}"
EndProject
Global
	GlobalSection(SolutionConfigurationPlatforms) = preSolution
		Debug|Any CPU = Debug|Any CPU
		Release|Any CPU = Release|Any CPU
	EndGlobalSection
	GlobalSection(ProjectConfigurationPlatforms) = postSolution
		{CD476EEE-D9FF-4C0E-A29A-4474FCBC68DF}.Debug|Any CPU.ActiveCfg = Debug|Any CPU
		{CD476EEE-D9FF-4C0E-A29A-4474FCBC68DF}.Debug|Any CPU.Build.0 = Debug|Any CPU
		{CD476EEE-D9FF-4C0E-A29A-4474FCBC68DF}.Release|Any CPU.ActiveCfg = Release|Any CPU
		{CD476EEE-D9FF-4C0E-A29A-4474FCBC68DF}.Release|Any CPU.Build.0 = Release|Any CPU
	EndGlobalSection
	GlobalSection(SolutionProperties) = preSolution
		HideSolutionNode = FALSE
	EndGlobalSection
	GlobalSection(ExtensibilityGlobals) = postSolution
		SolutionGuid = {E9394E7B-3F0E-4197-AD83-D2FAF04E2150}
	EndGlobalSection
EndGlobal
